
Microsoft Visual Studio Solution File, Format Version 12.00
# Visual Studio 15
VisualStudioVersion = 15.0.27421.1
MinimumVisualStudioVersion = 10.0.40219.1
Project("{FAE04EC0-301F-11D3-BF4B-00C04F79EFBC}") = "CodeScales.Http.Tests.Server", "CodeScales.Http.Tests.Server\CodeScales.Http.Tests.Server.csproj", "{064A9560-7590-42A9-9E33-1FC1689760B3}"
EndProject
Project("{FAE04EC0-301F-11D3-BF4B-00C04F79EFBC}") = "CodeScales.Http", "CodeScales.Http\CodeScales.Http.csproj", "{FC262E96-6275-4798-8181-D9001FB50541}"
	ProjectSection(WebsiteProperties) = preProject
		Debug.AspNetCompiler.Debug = "True"
		Release.AspNetCompiler.Debug = "False"
	EndProjectSection
	ProjectSection(WebsiteProperties) = preProject
		Debug.AspNetCompiler.Debug = "True"
		Release.AspNetCompiler.Debug = "False"
	EndProjectSection
EndProject
Project("{FAE04EC0-301F-11D3-BF4B-00C04F79EFBC}") = "CodeScales.Http.Tests", "CodeScales.Http.Tests\CodeScales.Http.Tests.csproj", "{AADEA75C-2370-4C6E-A704-FEA3E11A8EAB}"
	ProjectSection(WebsiteProperties) = preProject
		Debug.AspNetCompiler.Debug = "True"
		Release.AspNetCompiler.Debug = "False"
	EndProjectSection
	ProjectSection(WebsiteProperties) = preProject
		Debug.AspNetCompiler.Debug = "True"
		Release.AspNetCompiler.Debug = "False"
	EndProjectSection
EndProject
Project("{FAE04EC0-301F-11D3-BF4B-00C04F79EFBC}") = "CodeScales.Http.Examples", "CodeScales.Http.Examples\CodeScales.Http.Examples.csproj", "{7479716F-061C-4751-8895-B405E8B6B4EE}"
	ProjectSection(WebsiteProperties) = preProject
		Debug.AspNetCompiler.Debug = "True"
		Release.AspNetCompiler.Debug = "False"
	EndProjectSection
	ProjectSection(WebsiteProperties) = preProject
		Debug.AspNetCompiler.Debug = "True"
		Release.AspNetCompiler.Debug = "False"
	EndProjectSection
EndProject
Global
	GlobalSection(SolutionConfigurationPlatforms) = preSolution
		Debug|Any CPU = Debug|Any CPU
		Release|Any CPU = Release|Any CPU
	EndGlobalSection
	GlobalSection(ProjectConfigurationPlatforms) = postSolution
		{064A9560-7590-42A9-9E33-1FC1689760B3}.Debug|Any CPU.ActiveCfg = Debug|Any CPU
		{064A9560-7590-42A9-9E33-1FC1689760B3}.Debug|Any CPU.Build.0 = Debug|Any CPU
		{064A9560-7590-42A9-9E33-1FC1689760B3}.Release|Any CPU.ActiveCfg = Release|Any CPU
		{064A9560-7590-42A9-9E33-1FC1689760B3}.Release|Any CPU.Build.0 = Release|Any CPU
		{FC262E96-6275-4798-8181-D9001FB50541}.Debug|Any CPU.ActiveCfg = Debug|Any CPU
		{FC262E96-6275-4798-8181-D9001FB50541}.Debug|Any CPU.Build.0 = Debug|Any CPU
		{FC262E96-6275-4798-8181-D9001FB50541}.Release|Any CPU.ActiveCfg = Release|Any CPU
		{FC262E96-6275-4798-8181-D9001FB50541}.Release|Any CPU.Build.0 = Release|Any CPU
		{AADEA75C-2370-4C6E-A704-FEA3E11A8EAB}.Debug|Any CPU.ActiveCfg = Debug|Any CPU
		{AADEA75C-2370-4C6E-A704-FEA3E11A8EAB}.Debug|Any CPU.Build.0 = Debug|Any CPU
		{AADEA75C-2370-4C6E-A704-FEA3E11A8EAB}.Release|Any CPU.ActiveCfg = Release|Any CPU
		{AADEA75C-2370-4C6E-A704-FEA3E11A8EAB}.Release|Any CPU.Build.0 = Release|Any CPU
		{7479716F-061C-4751-8895-B405E8B6B4EE}.Debug|Any CPU.ActiveCfg = Debug|Any CPU
		{7479716F-061C-4751-8895-B405E8B6B4EE}.Debug|Any CPU.Build.0 = Debug|Any CPU
		{7479716F-061C-4751-8895-B405E8B6B4EE}.Release|Any CPU.ActiveCfg = Release|Any CPU
		{7479716F-061C-4751-8895-B405E8B6B4EE}.Release|Any CPU.Build.0 = Release|Any CPU
	EndGlobalSection
	GlobalSection(SolutionProperties) = preSolution
		HideSolutionNode = FALSE
	EndGlobalSection
	GlobalSection(ExtensibilityGlobals) = postSolution
		SolutionGuid = {97529644-506F-42B5-9271-19CFB3093B2A}
	EndGlobalSection
	GlobalSection(SubversionScc) = preSolution
		Svn-Managed = True
		Manager = AnkhSVN - Subversion Support for Visual Studio
	EndGlobalSection
EndGlobal
